# THIS IS AN AUTOGENERATED FILE. DO NOT EDIT THIS FILE DIRECTLY.
# yarn lockfile v1


"@types/estree@0.0.39":
  version "0.0.39"
  resolved "https://registry.yarnpkg.com/@types/estree/-/estree-0.0.39.tgz#e177e699ee1b8c22d23174caaa7422644389509f"
  integrity sha512-EYNwp3bU+98cpU4lAWYYL7Zz+2gryWH1qbdDTidVd6hkiR6weksdbMadyXKXNPEkQFhXM+hVO9ZygomHXp+AIw==

"@types/node@*":
  version "10.11.5"
  resolved "https://registry.yarnpkg.com/@types/node/-/node-10.11.5.tgz#6489ebda4452592d3fd37aefa57eedc01ed13378"
  integrity sha512-3j1EFLfrjYRHRFjBb+RIXXwr1YGzcfpQVMP39thZa6tMY+JjVgQddPF+hsdV800JqbuLwpwAWclDpbGSAw44vQ==

rollup@^0.66.4:
  version "0.66.4"
  resolved "https://registry.yarnpkg.com/rollup/-/rollup-0.66.4.tgz#8067b9638af82873b7fd644af9c3d72108ca4bab"
  integrity sha512-oV6dzR2zDYVOMUmrM1XMTW0NlZqKeZANAWH+A7BwCfE+mAfJ6xRkYbrM3qAossgyMxPN9aFBu8kRXf5HYB5gvw==
  dependencies:
    "@types/estree" "0.0.39"
    "@types/node" "*"
